
Microsoft Visual Studio Solution File, Format Version 11.00
# Visual Studio 2010
Project("{FAE04EC0-301F-11D3-BF4B-00C04F79EFBC}") = "YawytMvc2", "YawytMvc2\YawytMvc2.csproj", "{380A1291-DC87-4DC3-9653-9F82386CE2EC}"
EndProject
Project("{FAE04EC0-301F-11D3-BF4B-00C04F79EFBC}") = "YawytMvc2.Tests", "YawytMvc2.Tests\YawytMvc2.Tests.csproj", "{E8532C43-9A26-4B0D-8CF8-1011531A16D6}"
EndProject
Global
	GlobalSection(SolutionConfigurationPlatforms) = preSolution
		Debug|Any CPU = Debug|Any CPU
		Release|Any CPU = Release|Any CPU
	EndGlobalSection
	GlobalSection(ProjectConfigurationPlatforms) = postSolution
		{380A1291-DC87-4DC3-9653-9F82386CE2EC}.Debug|Any CPU.ActiveCfg = Debug|Any CPU
		{380A1291-DC87-4DC3-9653-9F82386CE2EC}.Debug|Any CPU.Build.0 = Debug|Any CPU
		{380A1291-DC87-4DC3-9653-9F82386CE2EC}.Release|Any CPU.ActiveCfg = Release|Any CPU
		{380A1291-DC87-4DC3-9653-9F82386CE2EC}.Release|Any CPU.Build.0 = Release|Any CPU
		{E8532C43-9A26-4B0D-8CF8-1011531A16D6}.Debug|Any CPU.ActiveCfg = Debug|Any CPU
		{E8532C43-9A26-4B0D-8CF8-1011531A16D6}.Debug|Any CPU.Build.0 = Debug|Any CPU
		{E8532C43-9A26-4B0D-8CF8-1011531A16D6}.Release|Any CPU.ActiveCfg = Release|Any CPU
		{E8532C43-9A26-4B0D-8CF8-1011531A16D6}.Release|Any CPU.Build.0 = Release|Any CPU
	EndGlobalSection
	GlobalSection(SolutionProperties) = preSolution
		HideSolutionNode = FALSE
	EndGlobalSection
EndGlobal
